// !$*UTF8*$!
{
	archiveVersion = 1;
	classes = {
	};
	objectVersion = 46;
	objects = {

/* Begin PBXBuildFile section */
		9324AB2416DF6EA00076E8BA /* rating0.png in Resources */ = {isa = PBXBuildFile; fileRef = 9324AB1916DF6E9F0076E8BA /* rating0.png */; };
		9324AB2516DF6EA00076E8BA /* rating1.png in Resources */ = {isa = PBXBuildFile; fileRef = 9324AB1A16DF6E9F0076E8BA /* rating1.png */; };
		9324AB2616DF6EA00076E8BA /* rating1point5.png in Resources */ = {isa = PBXBuildFile; fileRef = 9324AB1B16DF6E9F0076E8BA /* rating1point5.png */; };
		9324AB2716DF6EA00076E8BA /* rating2.png in Resources */ = {isa = PBXBuildFile; fileRef = 9324AB1C16DF6E9F0076E8BA /* rating2.png */; };
		9324AB2816DF6EA00076E8BA /* rating2point5.png in Resources */ = {isa = PBXBuildFile; fileRef = 9324AB1D16DF6E9F0076E8BA /* rating2point5.png */; };
		9324AB2916DF6EA00076E8BA /* rating3.png in Resources */ = {isa = PBXBuildFile; fileRef = 9324AB1E16DF6E9F0076E8BA /* rating3.png */; };
		9324AB2A16DF6EA00076E8BA /* rating3point5.png in Resources */ = {isa = PBXBuildFile; fileRef = 9324AB1F16DF6E9F0076E8BA /* rating3point5.png */; };
		9324AB2B16DF6EA00076E8BA /* rating4.png in Resources */ = {isa = PBXBuildFile; fileRef = 9324AB2016DF6E9F0076E8BA /* rating4.png */; };
		9324AB2C16DF6EA00076E8BA /* rating4point5.png in Resources */ = {isa = PBXBuildFile; fileRef = 9324AB2116DF6E9F0076E8BA /* rating4point5.png */; };
		9324AB2D16DF6EA00076E8BA /* rating5.png in Resources */ = {isa = PBXBuildFile; fileRef = 9324AB2216DF6E9F0076E8BA /* rating5.png */; };
		9324AB2E16DF6EA00076E8BA /* ratingpoint5.png in Resources */ = {isa = PBXBuildFile; fileRef = 9324AB2316DF6E9F0076E8BA /* ratingpoint5.png */; };
		9324AB3016DF6EE40076E8BA /* google.png in Resources */ = {isa = PBXBuildFile; fileRef = 9324AB2F16DF6EE40076E8BA /* google.png */; };
		9324AB3216DF7C240076E8BA /* webicon.png in Resources */ = {isa = PBXBuildFile; fileRef = 9324AB3116DF7C240076E8BA /* webicon.png */; };
		9324AB3416DF7E110076E8BA /* iPhone.png in Resources */ = {isa = PBXBuildFile; fileRef = 9324AB3316DF7E110076E8BA /* iPhone.png */; };
		9324AB3616DF80FC0076E8BA /* signpost.png in Resources */ = {isa = PBXBuildFile; fileRef = 9324AB3516DF80FC0076E8BA /* signpost.png */; };
		9324AB4616DF911B0076E8BA /* dollar.png in Resources */ = {isa = PBXBuildFile; fileRef = 9324AB4116DF911A0076E8BA /* dollar.png */; };
		9324AB4716DF911B0076E8BA /* dollar2.png in Resources */ = {isa = PBXBuildFile; fileRef = 9324AB4216DF911A0076E8BA /* dollar2.png */; };
		9324AB4816DF911B0076E8BA /* dollar3.png in Resources */ = {isa = PBXBuildFile; fileRef = 9324AB4316DF911A0076E8BA /* dollar3.png */; };
		9324AB4916DF911B0076E8BA /* dollar4.png in Resources */ = {isa = PBXBuildFile; fileRef = 9324AB4416DF911A0076E8BA /* dollar4.png */; };
		9324AB4A16DF911B0076E8BA /* dollar5.png in Resources */ = {isa = PBXBuildFile; fileRef = 9324AB4516DF911A0076E8BA /* dollar5.png */; };
		9324AB4D16E12BB00076E8BA /* openLaterViewController.m in Sources */ = {isa = PBXBuildFile; fileRef = 9324AB4C16E12BB00076E8BA /* openLaterViewController.m */; };
		9324AB5016E12BCD0076E8BA /* hoursUnknownViewController.m in Sources */ = {isa = PBXBuildFile; fileRef = 9324AB4F16E12BCD0076E8BA /* hoursUnknownViewController.m */; };
		9324AB5316E14B0F0076E8BA /* hoursViewController.m in Sources */ = {isa = PBXBuildFile; fileRef = 9324AB5216E14B0E0076E8BA /* hoursViewController.m */; };
		93408E4D168EA828004124BE /* UIKit.framework in Frameworks */ = {isa = PBXBuildFile; fileRef = 93408E4C168EA828004124BE /* UIKit.framework */; };
		93408E4F168EA828004124BE /* Foundation.framework in Frameworks */ = {isa = PBXBuildFile; fileRef = 93408E4E168EA828004124BE /* Foundation.framework */; };
		93408E51168EA828004124BE /* CoreGraphics.framework in Frameworks */ = {isa = PBXBuildFile; fileRef = 93408E50168EA828004124BE /* CoreGraphics.framework */; };
		93408E57168EA828004124BE /* InfoPlist.strings in Resources */ = {isa = PBXBuildFile; fileRef = 93408E55168EA828004124BE /* InfoPlist.strings */; };
		93408E59168EA828004124BE /* main.m in Sources */ = {isa = PBXBuildFile; fileRef = 93408E58168EA828004124BE /* main.m */; };
		93408E5D168EA828004124BE /* UMAAppDelegate.m in Sources */ = {isa = PBXBuildFile; fileRef = 93408E5C168EA828004124BE /* UMAAppDelegate.m */; };
		93408E5F168EA828004124BE /* Default.png in Resources */ = {isa = PBXBuildFile; fileRef = 93408E5E168EA828004124BE /* Default.png */; };
		93408E61168EA828004124BE /* Default@2x.png in Resources */ = {isa = PBXBuildFile; fileRef = 93408E60168EA828004124BE /* Default@2x.png */; };
		93408E63168EA828004124BE /* Default-568h@2x.png in Resources */ = {isa = PBXBuildFile; fileRef = 93408E62168EA828004124BE /* Default-568h@2x.png */; };
		93408E66168EA828004124BE /* MainStoryboard.storyboard in Resources */ = {isa = PBXBuildFile; fileRef = 93408E64168EA828004124BE /* MainStoryboard.storyboard */; };
		93408E69168EA828004124BE /* openNowViewController.m in Sources */ = {isa = PBXBuildFile; fileRef = 93408E68168EA828004124BE /* openNowViewController.m */; };
		93408E70168EAA07004124BE /* CoreLocation.framework in Frameworks */ = {isa = PBXBuildFile; fileRef = 93408E6F168EAA07004124BE /* CoreLocation.framework */; };
		93408E73168EAA35004124BE /* placeDetailViewController.m in Sources */ = {isa = PBXBuildFile; fileRef = 93408E72168EAA35004124BE /* placeDetailViewController.m */; };
		9375F7B316DD2A1800337A47 /* websiteViewController.m in Sources */ = {isa = PBXBuildFile; fileRef = 9375F7B216DD2A1800337A47 /* websiteViewController.m */; };
		93973D2016D84FF1006C2B94 /* queryController.m in Sources */ = {isa = PBXBuildFile; fileRef = 93973D1F16D84FF1006C2B94 /* queryController.m */; };
		93973D2316D86862006C2B94 /* locationServices.m in Sources */ = {isa = PBXBuildFile; fileRef = 93973D2216D86862006C2B94 /* locationServices.m */; };
		93973D2716D87385006C2B94 /* restaurant.m in Sources */ = {isa = PBXBuildFile; fileRef = 93973D2616D87385006C2B94 /* restaurant.m */; };
		93D04F9416A0721B00FD3B43 /* whatsopen.png in Resources */ = {isa = PBXBuildFile; fileRef = 93D04F9316A0721B00FD3B43 /* whatsopen.png */; };
		93D04F9616A0725400FD3B43 /* whatsopen_retina.png in Resources */ = {isa = PBXBuildFile; fileRef = 93D04F9516A0725400FD3B43 /* whatsopen_retina.png */; };
		93DA345D16CCB32700CC6C59 /* FactualSDK.framework in Frameworks */ = {isa = PBXBuildFile; fileRef = 93DA345C16CCB32700CC6C59 /* FactualSDK.framework */; };
/* End PBXBuildFile section */

/* Begin PBXFileReference section */
		9324AB1916DF6E9F0076E8BA /* rating0.png */ = {isa = PBXFileReference; lastKnownFileType = image.png; name = rating0.png; path = ../rating0.png; sourceTree = "<group>"; };
		9324AB1A16DF6E9F0076E8BA /* rating1.png */ = {isa = PBXFileReference; lastKnownFileType = image.png; name = rating1.png; path = ../rating1.png; sourceTree = "<group>"; };
		9324AB1B16DF6E9F0076E8BA /* rating1point5.png */ = {isa = PBXFileReference; lastKnownFileType = image.png; name = rating1point5.png; path = ../rating1point5.png; sourceTree = "<group>"; };
		9324AB1C16DF6E9F0076E8BA /* rating2.png */ = {isa = PBXFileReference; lastKnownFileType = image.png; name = rating2.png; path = ../rating2.png; sourceTree = "<group>"; };
		9324AB1D16DF6E9F0076E8BA /* rating2point5.png */ = {isa = PBXFileReference; lastKnownFileType = image.png; name = rating2point5.png; path = ../rating2point5.png; sourceTree = "<group>"; };
		9324AB1E16DF6E9F0076E8BA /* rating3.png */ = {isa = PBXFileReference; lastKnownFileType = image.png; name = rating3.png; path = ../rating3.png; sourceTree = "<group>"; };
		9324AB1F16DF6E9F0076E8BA /* rating3point5.png */ = {isa = PBXFileReference; lastKnownFileType = image.png; name = rating3point5.png; path = ../rating3point5.png; sourceTree = "<group>"; };
		9324AB2016DF6E9F0076E8BA /* rating4.png */ = {isa = PBXFileReference; lastKnownFileType = image.png; name = rating4.png; path = ../rating4.png; sourceTree = "<group>"; };
		9324AB2116DF6E9F0076E8BA /* rating4point5.png */ = {isa = PBXFileReference; lastKnownFileType = image.png; name = rating4point5.png; path = ../rating4point5.png; sourceTree = "<group>"; };
		9324AB2216DF6E9F0076E8BA /* rating5.png */ = {isa = PBXFileReference; lastKnownFileType = image.png; name = rating5.png; path = ../rating5.png; sourceTree = "<group>"; };
		9324AB2316DF6E9F0076E8BA /* ratingpoint5.png */ = {isa = PBXFileReference; lastKnownFileType = image.png; name = ratingpoint5.png; path = ../ratingpoint5.png; sourceTree = "<group>"; };
		9324AB2F16DF6EE40076E8BA /* google.png */ = {isa = PBXFileReference; lastKnownFileType = image.png; name = google.png; path = ../google.png; sourceTree = "<group>"; };
		9324AB3116DF7C240076E8BA /* webicon.png */ = {isa = PBXFileReference; lastKnownFileType = image.png; name = webicon.png; path = ../webicon.png; sourceTree = "<group>"; };
		9324AB3316DF7E110076E8BA /* iPhone.png */ = {isa = PBXFileReference; lastKnownFileType = image.png; name = iPhone.png; path = ../iPhone.png; sourceTree = "<group>"; };
		9324AB3516DF80FC0076E8BA /* signpost.png */ = {isa = PBXFileReference; lastKnownFileType = image.png; name = signpost.png; path = ../signpost.png; sourceTree = "<group>"; };
		9324AB4116DF911A0076E8BA /* dollar.png */ = {isa = PBXFileReference; lastKnownFileType = image.png; name = dollar.png; path = ../dollar.png; sourceTree = "<group>"; };
		9324AB4216DF911A0076E8BA /* dollar2.png */ = {isa = PBXFileReference; lastKnownFileType = image.png; name = dollar2.png; path = ../dollar2.png; sourceTree = "<group>"; };
		9324AB4316DF911A0076E8BA /* dollar3.png */ = {isa = PBXFileReference; lastKnownFileType = image.png; name = dollar3.png; path = ../dollar3.png; sourceTree = "<group>"; };
		9324AB4416DF911A0076E8BA /* dollar4.png */ = {isa = PBXFileReference; lastKnownFileType = image.png; name = dollar4.png; path = ../dollar4.png; sourceTree = "<group>"; };
		9324AB4516DF911A0076E8BA /* dollar5.png */ = {isa = PBXFileReference; lastKnownFileType = image.png; name = dollar5.png; path = ../dollar5.png; sourceTree = "<group>"; };
		9324AB4B16E12BB00076E8BA /* openLaterViewController.h */ = {isa = PBXFileReference; fileEncoding = 4; lastKnownFileType = sourcecode.c.h; path = openLaterViewController.h; sourceTree = "<group>"; };
		9324AB4C16E12BB00076E8BA /* openLaterViewController.m */ = {isa = PBXFileReference; fileEncoding = 4; lastKnownFileType = sourcecode.c.objc; path = openLaterViewController.m; sourceTree = "<group>"; };
		9324AB4E16E12BCD0076E8BA /* hoursUnknownViewController.h */ = {isa = PBXFileReference; fileEncoding = 4; lastKnownFileType = sourcecode.c.h; path = hoursUnknownViewController.h; sourceTree = "<group>"; };
		9324AB4F16E12BCD0076E8BA /* hoursUnknownViewController.m */ = {isa = PBXFileReference; fileEncoding = 4; lastKnownFileType = sourcecode.c.objc; path = hoursUnknownViewController.m; sourceTree = "<group>"; };
		9324AB5116E14B0E0076E8BA /* hoursViewController.h */ = {isa = PBXFileReference; fileEncoding = 4; lastKnownFileType = sourcecode.c.h; path = hoursViewController.h; sourceTree = "<group>"; };
		9324AB5216E14B0E0076E8BA /* hoursViewController.m */ = {isa = PBXFileReference; fileEncoding = 4; lastKnownFileType = sourcecode.c.objc; path = hoursViewController.m; sourceTree = "<group>"; };
		93408E48168EA828004124BE /* WhatsOpen.app */ = {isa = PBXFileReference; explicitFileType = wrapper.application; includeInIndex = 0; path = WhatsOpen.app; sourceTree = BUILT_PRODUCTS_DIR; };
		93408E4C168EA828004124BE /* UIKit.framework */ = {isa = PBXFileReference; lastKnownFileType = wrapper.framework; name = UIKit.framework; path = System/Library/Frameworks/UIKit.framework; sourceTree = SDKROOT; };
		93408E4E168EA828004124BE /* Foundation.framework */ = {isa = PBXFileReference; lastKnownFileType = wrapper.framework; name = Foundation.framework; path = System/Library/Frameworks/Foundation.framework; sourceTree = SDKROOT; };
		93408E50168EA828004124BE /* CoreGraphics.framework */ = {isa = PBXFileReference; lastKnownFileType = wrapper.framework; name = CoreGraphics.framework; path = System/Library/Frameworks/CoreGraphics.framework; sourceTree = SDKROOT; };
		93408E54168EA828004124BE /* WhatsOpen-Info.plist */ = {isa = PBXFileReference; lastKnownFileType = text.plist.xml; path = "WhatsOpen-Info.plist"; sourceTree = "<group>"; };
		93408E56168EA828004124BE /* en */ = {isa = PBXFileReference; lastKnownFileType = text.plist.strings; name = en; path = en.lproj/InfoPlist.strings; sourceTree = "<group>"; };
		93408E58168EA828004124BE /* main.m */ = {isa = PBXFileReference; lastKnownFileType = sourcecode.c.objc; path = main.m; sourceTree = "<group>"; };
		93408E5A168EA828004124BE /* WhatsOpen-Prefix.pch */ = {isa = PBXFileReference; lastKnownFileType = sourcecode.c.h; path = "WhatsOpen-Prefix.pch"; sourceTree = "<group>"; };
		93408E5B168EA828004124BE /* UMAAppDelegate.h */ = {isa = PBXFileReference; lastKnownFileType = sourcecode.c.h; path = UMAAppDelegate.h; sourceTree = "<group>"; };
		93408E5C168EA828004124BE /* UMAAppDelegate.m */ = {isa = PBXFileReference; lastKnownFileType = sourcecode.c.objc; path = UMAAppDelegate.m; sourceTree = "<group>"; };
		93408E5E168EA828004124BE /* Default.png */ = {isa = PBXFileReference; lastKnownFileType = image.png; path = Default.png; sourceTree = "<group>"; };
		93408E60168EA828004124BE /* Default@2x.png */ = {isa = PBXFileReference; lastKnownFileType = image.png; path = "Default@2x.png"; sourceTree = "<group>"; };
		93408E62168EA828004124BE /* Default-568h@2x.png */ = {isa = PBXFileReference; lastKnownFileType = image.png; path = "Default-568h@2x.png"; sourceTree = "<group>"; };
		93408E65168EA828004124BE /* en */ = {isa = PBXFileReference; lastKnownFileType = file.storyboard; name = en; path = en.lproj/MainStoryboard.storyboard; sourceTree = "<group>"; };
		93408E67168EA828004124BE /* openNowViewController.h */ = {isa = PBXFileReference; lastKnownFileType = sourcecode.c.h; path = openNowViewController.h; sourceTree = "<group>"; };
		93408E68168EA828004124BE /* openNowViewController.m */ = {isa = PBXFileReference; lastKnownFileType = sourcecode.c.objc; path = openNowViewController.m; sourceTree = "<group>"; };
		93408E6F168EAA07004124BE /* CoreLocation.framework */ = {isa = PBXFileReference; lastKnownFileType = wrapper.framework; name = CoreLocation.framework; path = System/Library/Frameworks/CoreLocation.framework; sourceTree = SDKROOT; };
		93408E71168EAA35004124BE /* placeDetailViewController.h */ = {isa = PBXFileReference; fileEncoding = 4; lastKnownFileType = sourcecode.c.h; path = placeDetailViewController.h; sourceTree = "<group>"; };
		93408E72168EAA35004124BE /* placeDetailViewController.m */ = {isa = PBXFileReference; fileEncoding = 4; lastKnownFileType = sourcecode.c.objc; path = placeDetailViewController.m; sourceTree = "<group>"; };
		9343DD4E16B340720095F9BD /* keys.h */ = {isa = PBXFileReference; fileEncoding = 4; lastKnownFileType = sourcecode.c.h; path = keys.h; sourceTree = "<group>"; };
		9375F7B116DD2A1800337A47 /* websiteViewController.h */ = {isa = PBXFileReference; fileEncoding = 4; lastKnownFileType = sourcecode.c.h; path = websiteViewController.h; sourceTree = "<group>"; };
		9375F7B216DD2A1800337A47 /* websiteViewController.m */ = {isa = PBXFileReference; fileEncoding = 4; lastKnownFileType = sourcecode.c.objc; path = websiteViewController.m; sourceTree = "<group>"; };
		93973D1E16D84FF1006C2B94 /* queryController.h */ = {isa = PBXFileReference; fileEncoding = 4; lastKnownFileType = sourcecode.c.h; path = queryController.h; sourceTree = "<group>"; };
		93973D1F16D84FF1006C2B94 /* queryController.m */ = {isa = PBXFileReference; fileEncoding = 4; lastKnownFileType = sourcecode.c.objc; path = queryController.m; sourceTree = "<group>"; };
		93973D2116D86862006C2B94 /* locationServices.h */ = {isa = PBXFileReference; fileEncoding = 4; lastKnownFileType = sourcecode.c.h; path = locationServices.h; sourceTree = "<group>"; };
		93973D2216D86862006C2B94 /* locationServices.m */ = {isa = PBXFileReference; fileEncoding = 4; lastKnownFileType = sourcecode.c.objc; path = locationServices.m; sourceTree = "<group>"; };
		93973D2516D87385006C2B94 /* restaurant.h */ = {isa = PBXFileReference; fileEncoding = 4; lastKnownFileType = sourcecode.c.h; path = restaurant.h; sourceTree = "<group>"; };
		93973D2616D87385006C2B94 /* restaurant.m */ = {isa = PBXFileReference; fileEncoding = 4; lastKnownFileType = sourcecode.c.objc; path = restaurant.m; sourceTree = "<group>"; };
		93D04F9316A0721B00FD3B43 /* whatsopen.png */ = {isa = PBXFileReference; lastKnownFileType = image.png; name = whatsopen.png; path = ../whatsopen.png; sourceTree = "<group>"; };
		93D04F9516A0725400FD3B43 /* whatsopen_retina.png */ = {isa = PBXFileReference; lastKnownFileType = image.png; name = whatsopen_retina.png; path = ../whatsopen_retina.png; sourceTree = "<group>"; };
		93DA345C16CCB32700CC6C59 /* FactualSDK.framework */ = {isa = PBXFileReference; lastKnownFileType = wrapper.framework; name = FactualSDK.framework; path = WhatsOpen/FactualSDK.framework; sourceTree = "<group>"; };
/* End PBXFileReference section */

/* Begin PBXFrameworksBuildPhase section */
		93408E45168EA828004124BE /* Frameworks */ = {
			isa = PBXFrameworksBuildPhase;
			buildActionMask = 2147483647;
			files = (
				93DA345D16CCB32700CC6C59 /* FactualSDK.framework in Frameworks */,
				93408E70168EAA07004124BE /* CoreLocation.framework in Frameworks */,
				93408E4D168EA828004124BE /* UIKit.framework in Frameworks */,
				93408E4F168EA828004124BE /* Foundation.framework in Frameworks */,
				93408E51168EA828004124BE /* CoreGraphics.framework in Frameworks */,
			);
			runOnlyForDeploymentPostprocessing = 0;
		};
/* End PBXFrameworksBuildPhase section */

/* Begin PBXGroup section */
		93408E3D168EA828004124BE = {
			isa = PBXGroup;
			children = (
				93DA345C16CCB32700CC6C59 /* FactualSDK.framework */,
				93408E6F168EAA07004124BE /* CoreLocation.framework */,
				93408E52168EA828004124BE /* WhatsOpen */,
				93408E4B168EA828004124BE /* Frameworks */,
				93408E49168EA828004124BE /* Products */,
			);
			sourceTree = "<group>";
		};
		93408E49168EA828004124BE /* Products */ = {
			isa = PBXGroup;
			children = (
				93408E48168EA828004124BE /* WhatsOpen.app */,
			);
			name = Products;
			sourceTree = "<group>";
		};
		93408E4B168EA828004124BE /* Frameworks */ = {
			isa = PBXGroup;
			children = (
				93408E4C168EA828004124BE /* UIKit.framework */,
				93408E4E168EA828004124BE /* Foundation.framework */,
				93408E50168EA828004124BE /* CoreGraphics.framework */,
			);
			name = Frameworks;
			sourceTree = "<group>";
		};
		93408E52168EA828004124BE /* WhatsOpen */ = {
			isa = PBXGroup;
			children = (
				93973D2416D87364006C2B94 /* Restaurants */,
				93DA346516D5B77100CC6C59 /* Location Services */,
				93DA346416D5AE6100CC6C59 /* Query Controller */,
				93408E76168EAA76004124BE /* Storyboard */,
				93408E75168EAA5E004124BE /* List Views */,
				93408E77168EAAA0004124BE /* Detail View */,
				93408E74168EAA53004124BE /* App Delegate */,
				93408E53168EA828004124BE /* Supporting Files */,
			);
			path = WhatsOpen;
			sourceTree = "<group>";
		};
		93408E53168EA828004124BE /* Supporting Files */ = {
			isa = PBXGroup;
			children = (
				9324AB1916DF6E9F0076E8BA /* rating0.png */,
				9324AB1A16DF6E9F0076E8BA /* rating1.png */,
				9324AB1B16DF6E9F0076E8BA /* rating1point5.png */,
				9324AB1C16DF6E9F0076E8BA /* rating2.png */,
				9324AB1D16DF6E9F0076E8BA /* rating2point5.png */,
				9324AB1E16DF6E9F0076E8BA /* rating3.png */,
				9324AB1F16DF6E9F0076E8BA /* rating3point5.png */,
				9324AB2016DF6E9F0076E8BA /* rating4.png */,
				9324AB2116DF6E9F0076E8BA /* rating4point5.png */,
				9324AB2216DF6E9F0076E8BA /* rating5.png */,
				9324AB2316DF6E9F0076E8BA /* ratingpoint5.png */,
				93D04F9516A0725400FD3B43 /* whatsopen_retina.png */,
				93D04F9316A0721B00FD3B43 /* whatsopen.png */,
				9324AB2F16DF6EE40076E8BA /* google.png */,
				9324AB3316DF7E110076E8BA /* iPhone.png */,
				9324AB3116DF7C240076E8BA /* webicon.png */,
				9324AB3516DF80FC0076E8BA /* signpost.png */,
				9324AB4116DF911A0076E8BA /* dollar.png */,
				9324AB4216DF911A0076E8BA /* dollar2.png */,
				9324AB4316DF911A0076E8BA /* dollar3.png */,
				9324AB4416DF911A0076E8BA /* dollar4.png */,
				9324AB4516DF911A0076E8BA /* dollar5.png */,
				9343DD4E16B340720095F9BD /* keys.h */,
				93408E54168EA828004124BE /* WhatsOpen-Info.plist */,
				93408E55168EA828004124BE /* InfoPlist.strings */,
				93408E58168EA828004124BE /* main.m */,
				93408E5A168EA828004124BE /* WhatsOpen-Prefix.pch */,
				93408E5E168EA828004124BE /* Default.png */,
				93408E60168EA828004124BE /* Default@2x.png */,
				93408E62168EA828004124BE /* Default-568h@2x.png */,
			);
			name = "Supporting Files";
			sourceTree = "<group>";
		};
		93408E74168EAA53004124BE /* App Delegate */ = {
			isa = PBXGroup;
			children = (
				93408E5B168EA828004124BE /* UMAAppDelegate.h */,
				93408E5C168EA828004124BE /* UMAAppDelegate.m */,
			);
			name = "App Delegate";
			sourceTree = "<group>";
		};
		93408E75168EAA5E004124BE /* List Views */ = {
			isa = PBXGroup;
			children = (
				93408E67168EA828004124BE /* openNowViewController.h */,
				93408E68168EA828004124BE /* openNowViewController.m */,
				9324AB4B16E12BB00076E8BA /* openLaterViewController.h */,
				9324AB4C16E12BB00076E8BA /* openLaterViewController.m */,
				9324AB4E16E12BCD0076E8BA /* hoursUnknownViewController.h */,
				9324AB4F16E12BCD0076E8BA /* hoursUnknownViewController.m */,
			);
			name = "List Views";
			sourceTree = "<group>";
		};
		93408E76168EAA76004124BE /* Storyboard */ = {
			isa = PBXGroup;
			children = (
				93408E64168EA828004124BE /* MainStoryboard.storyboard */,
			);
			name = Storyboard;
			sourceTree = "<group>";
		};
		93408E77168EAAA0004124BE /* Detail View */ = {
			isa = PBXGroup;
			children = (
				93408E71168EAA35004124BE /* placeDetailViewController.h */,
				93408E72168EAA35004124BE /* placeDetailViewController.m */,
				9375F7B116DD2A1800337A47 /* websiteViewController.h */,
				9375F7B216DD2A1800337A47 /* websiteViewController.m */,
				9324AB5116E14B0E0076E8BA /* hoursViewController.h */,
				9324AB5216E14B0E0076E8BA /* hoursViewController.m */,
			);
			name = "Detail View";
			sourceTree = "<group>";
		};
		93973D2416D87364006C2B94 /* Restaurants */ = {
			isa = PBXGroup;
			children = (
				93973D2516D87385006C2B94 /* restaurant.h */,
				93973D2616D87385006C2B94 /* restaurant.m */,
			);
			name = Restaurants;
			sourceTree = "<group>";
		};
		93DA346416D5AE6100CC6C59 /* Query Controller */ = {
			isa = PBXGroup;
			children = (
				93973D1E16D84FF1006C2B94 /* queryController.h */,
				93973D1F16D84FF1006C2B94 /* queryController.m */,
			);
			name = "Query Controller";
			sourceTree = "<group>";
		};
		93DA346516D5B77100CC6C59 /* Location Services */ = {
			isa = PBXGroup;
			children = (
				93973D2116D86862006C2B94 /* locationServices.h */,
				93973D2216D86862006C2B94 /* locationServices.m */,
			);
			name = "Location Services";
			sourceTree = "<group>";
		};
/* End PBXGroup section */

/* Begin PBXNativeTarget section */
		93408E47168EA828004124BE /* WhatsOpen */ = {
			isa = PBXNativeTarget;
			buildConfigurationList = 93408E6C168EA828004124BE /* Build configuration list for PBXNativeTarget "WhatsOpen" */;
			buildPhases = (
				93408E44168EA828004124BE /* Sources */,
				93408E45168EA828004124BE /* Frameworks */,
				93408E46168EA828004124BE /* Resources */,
			);
			buildRules = (
			);
			dependencies = (
			);
			name = WhatsOpen;
			productName = WhatsOpen;
			productReference = 93408E48168EA828004124BE /* WhatsOpen.app */;
			productType = "com.apple.product-type.application";
		};
/* End PBXNativeTarget section */

/* Begin PBXProject section */
		93408E3F168EA828004124BE /* Project object */ = {
			isa = PBXProject;
			attributes = {
				CLASSPREFIX = UMA;
				LastUpgradeCheck = 0450;
				ORGANIZATIONNAME = "UNC-CH";
			};
			buildConfigurationList = 93408E42168EA828004124BE /* Build configuration list for PBXProject "WhatsOpen" */;
			compatibilityVersion = "Xcode 3.2";
			developmentRegion = English;
			hasScannedForEncodings = 0;
			knownRegions = (
				en,
			);
			mainGroup = 93408E3D168EA828004124BE;
			productRefGroup = 93408E49168EA828004124BE /* Products */;
			projectDirPath = "";
			projectRoot = "";
			targets = (
				93408E47168EA828004124BE /* WhatsOpen */,
			);
		};
/* End PBXProject section */

/* Begin PBXResourcesBuildPhase section */
		93408E46168EA828004124BE /* Resources */ = {
			isa = PBXResourcesBuildPhase;
			buildActionMask = 2147483647;
			files = (
				93408E57168EA828004124BE /* InfoPlist.strings in Resources */,
				93408E5F168EA828004124BE /* Default.png in Resources */,
				93408E61168EA828004124BE /* Default@2x.png in Resources */,
				93408E63168EA828004124BE /* Default-568h@2x.png in Resources */,
				93408E66168EA828004124BE /* MainStoryboard.storyboard in Resources */,
				93D04F9416A0721B00FD3B43 /* whatsopen.png in Resources */,
				93D04F9616A0725400FD3B43 /* whatsopen_retina.png in Resources */,
				9324AB2416DF6EA00076E8BA /* rating0.png in Resources */,
				9324AB2516DF6EA00076E8BA /* rating1.png in Resources */,
				9324AB2616DF6EA00076E8BA /* rating1point5.png in Resources */,
				9324AB2716DF6EA00076E8BA /* rating2.png in Resources */,
				9324AB2816DF6EA00076E8BA /* rating2point5.png in Resources */,
				9324AB2916DF6EA00076E8BA /* rating3.png in Resources */,
				9324AB2A16DF6EA00076E8BA /* rating3point5.png in Resources */,
				9324AB2B16DF6EA00076E8BA /* rating4.png in Resources */,
				9324AB2C16DF6EA00076E8BA /* rating4point5.png in Resources */,
				9324AB2D16DF6EA00076E8BA /* rating5.png in Resources */,
				9324AB2E16DF6EA00076E8BA /* ratingpoint5.png in Resources */,
				9324AB3016DF6EE40076E8BA /* google.png in Resources */,
				9324AB3216DF7C240076E8BA /* webicon.png in Resources */,
				9324AB3416DF7E110076E8BA /* iPhone.png in Resources */,
				9324AB3616DF80FC0076E8BA /* signpost.png in Resources */,
				9324AB4616DF911B0076E8BA /* dollar.png in Resources */,
				9324AB4716DF911B0076E8BA /* dollar2.png in Resources */,
				9324AB4816DF911B0076E8BA /* dollar3.png in Resources */,
				9324AB4916DF911B0076E8BA /* dollar4.png in Resources */,
				9324AB4A16DF911B0076E8BA /* dollar5.png in Resources */,
			);
			runOnlyForDeploymentPostprocessing = 0;
		};
/* End PBXResourcesBuildPhase section */

/* Begin PBXSourcesBuildPhase section */
		93408E44168EA828004124BE /* Sources */ = {
			isa = PBXSourcesBuildPhase;
			buildActionMask = 2147483647;
			files = (
				93408E59168EA828004124BE /* main.m in Sources */,
				93408E5D168EA828004124BE /* UMAAppDelegate.m in Sources */,
				93408E69168EA828004124BE /* openNowViewController.m in Sources */,
				93408E73168EAA35004124BE /* placeDetailViewController.m in Sources */,
				93973D2016D84FF1006C2B94 /* queryController.m in Sources */,
				93973D2316D86862006C2B94 /* locationServices.m in Sources */,
				93973D2716D87385006C2B94 /* restaurant.m in Sources */,
				9375F7B316DD2A1800337A47 /* websiteViewController.m in Sources */,
				9324AB4D16E12BB00076E8BA /* openLaterViewController.m in Sources */,
				9324AB5016E12BCD0076E8BA /* hoursUnknownViewController.m in Sources */,
				9324AB5316E14B0F0076E8BA /* hoursViewController.m in Sources */,
			);
			runOnlyForDeploymentPostprocessing = 0;
		};
/* End PBXSourcesBuildPhase section */

/* Begin PBXVariantGroup section */
		93408E55168EA828004124BE /* InfoPlist.strings */ = {
			isa = PBXVariantGroup;
			children = (
				93408E56168EA828004124BE /* en */,
			);
			name = InfoPlist.strings;
			sourceTree = "<group>";
		};
		93408E64168EA828004124BE /* MainStoryboard.storyboard */ = {
			isa = PBXVariantGroup;
			children = (
				93408E65168EA828004124BE /* en */,
			);
			name = MainStoryboard.storyboard;
			sourceTree = "<group>";
		};
/* End PBXVariantGroup section */

/* Begin XCBuildConfiguration section */
		93408E6A168EA828004124BE /* Debug */ = {
			isa = XCBuildConfiguration;
			buildSettings = {
				ALWAYS_SEARCH_USER_PATHS = NO;
				CLANG_CXX_LANGUAGE_STANDARD = "gnu++0x";
				CLANG_CXX_LIBRARY = "libc++";
				CLANG_ENABLE_OBJC_ARC = YES;
				CLANG_WARN_EMPTY_BODY = YES;
				CLANG_WARN__DUPLICATE_METHOD_MATCH = YES;
				"CODE_SIGN_IDENTITY[sdk=iphoneos*]" = "iPhone Developer";
				COPY_PHASE_STRIP = NO;
				GCC_C_LANGUAGE_STANDARD = gnu99;
				GCC_DYNAMIC_NO_PIC = NO;
				GCC_OPTIMIZATION_LEVEL = 0;
				GCC_PREPROCESSOR_DEFINITIONS = (
					"DEBUG=1",
					"$(inherited)",
				);
				GCC_SYMBOLS_PRIVATE_EXTERN = NO;
				GCC_WARN_ABOUT_RETURN_TYPE = YES;
				GCC_WARN_UNINITIALIZED_AUTOS = YES;
				GCC_WARN_UNUSED_VARIABLE = YES;
				IPHONEOS_DEPLOYMENT_TARGET = 6.0;
				ONLY_ACTIVE_ARCH = YES;
				SDKROOT = iphoneos;
			};
			name = Debug;
		};
		93408E6B168EA828004124BE /* Release */ = {
			isa = XCBuildConfiguration;
			buildSettings = {
				ALWAYS_SEARCH_USER_PATHS = NO;
				CLANG_CXX_LANGUAGE_STANDARD = "gnu++0x";
				CLANG_CXX_LIBRARY = "libc++";
				CLANG_ENABLE_OBJC_ARC = YES;
				CLANG_WARN_EMPTY_BODY = YES;
				CLANG_WARN__DUPLICATE_METHOD_MATCH = YES;
				"CODE_SIGN_IDENTITY[sdk=iphoneos*]" = "iPhone Developer";
				COPY_PHASE_STRIP = YES;
				GCC_C_LANGUAGE_STANDARD = gnu99;
				GCC_WARN_ABOUT_RETURN_TYPE = YES;
				GCC_WARN_UNINITIALIZED_AUTOS = YES;
				GCC_WARN_UNUSED_VARIABLE = YES;
				IPHONEOS_DEPLOYMENT_TARGET = 6.0;
				OTHER_CFLAGS = "-DNS_BLOCK_ASSERTIONS=1";
				SDKROOT = iphoneos;
				VALIDATE_PRODUCT = YES;
			};
			name = Release;
		};
		93408E6D168EA828004124BE /* Debug */ = {
			isa = XCBuildConfiguration;
			buildSettings = {
				FRAMEWORK_SEARCH_PATHS = (
					"$(inherited)",
					"\"$(SRCROOT)/WhatsOpen\"",
				);
				GCC_PRECOMPILE_PREFIX_HEADER = YES;
				GCC_PREFIX_HEADER = "WhatsOpen/WhatsOpen-Prefix.pch";
				INFOPLIST_FILE = "WhatsOpen/WhatsOpen-Info.plist";
				OTHER_LDFLAGS = (
					"-ObjC",
					"-all_load",
				);
				PRODUCT_NAME = "$(TARGET_NAME)";
				WRAPPER_EXTENSION = app;
			};
			name = Debug;
		};
		93408E6E168EA828004124BE /* Release */ = {
			isa = XCBuildConfiguration;
			buildSettings = {
				FRAMEWORK_SEARCH_PATHS = (
					"$(inherited)",
					"\"$(SRCROOT)/WhatsOpen\"",
				);
				GCC_PRECOMPILE_PREFIX_HEADER = YES;
				GCC_PREFIX_HEADER = "WhatsOpen/WhatsOpen-Prefix.pch";
				INFOPLIST_FILE = "WhatsOpen/WhatsOpen-Info.plist";
				OTHER_LDFLAGS = (
					"-ObjC",
					"-all_load",
				);
				PRODUCT_NAME = "$(TARGET_NAME)";
				WRAPPER_EXTENSION = app;
			};
			name = Release;
		};
/* End XCBuildConfiguration section */

/* Begin XCConfigurationList section */
		93408E42168EA828004124BE /* Build configuration list for PBXProject "WhatsOpen" */ = {
			isa = XCConfigurationList;
			buildConfigurations = (
				93408E6A168EA828004124BE /* Debug */,
				93408E6B168EA828004124BE /* Release */,
			);
			defaultConfigurationIsVisible = 0;
			defaultConfigurationName = Release;
		};
		93408E6C168EA828004124BE /* Build configuration list for PBXNativeTarget "WhatsOpen" */ = {
			isa = XCConfigurationList;
			buildConfigurations = (
				93408E6D168EA828004124BE /* Debug */,
				93408E6E168EA828004124BE /* Release */,
			);
			defaultConfigurationIsVisible = 0;
			defaultConfigurationName = Release;
		};
/* End XCConfigurationList section */
	};
	rootObject = 93408E3F168EA828004124BE /* Project object */;
}
